
Microsoft Visual Studio Solution File, Format Version 12.00
# Visual Studio Version 17
VisualStudioVersion = 17.5.33530.505
MinimumVisualStudioVersion = 10.0.40219.1
Project("{FAE04EC0-301F-11D3-BF4B-00C04F79EFBC}") = "SeondHandBookStorePortal", "SeondHandBookStorePortal.csproj", "{4ECA16D5-6815-42D8-BA91-15CE1075D17A}"
EndProject
Global
	GlobalSection(SolutionConfigurationPlatforms) = preSolution
		Debug|Any CPU = Debug|Any CPU
		Release|Any CPU = Release|Any CPU
	EndGlobalSection
	GlobalSection(ProjectConfigurationPlatforms) = postSolution
		{4ECA16D5-6815-42D8-BA91-15CE1075D17A}.Debug|Any CPU.ActiveCfg = Debug|Any CPU
		{4ECA16D5-6815-42D8-BA91-15CE1075D17A}.Debug|Any CPU.Build.0 = Debug|Any CPU
		{4ECA16D5-6815-42D8-BA91-15CE1075D17A}.Release|Any CPU.ActiveCfg = Release|Any CPU
		{4ECA16D5-6815-42D8-BA91-15CE1075D17A}.Release|Any CPU.Build.0 = Release|Any CPU
	EndGlobalSection
	GlobalSection(SolutionProperties) = preSolution
		HideSolutionNode = FALSE
	EndGlobalSection
	GlobalSection(ExtensibilityGlobals) = postSolution
		SolutionGuid = {18203D92-F422-4185-AD8A-B38B0D82426D}
	EndGlobalSection
EndGlobal
